
Microsoft Visual Studio Solution File, Format Version 12.00
# Visual Studio Version 17
VisualStudioVersion = 17.6.33712.159
MinimumVisualStudioVersion = 10.0.40219.1
Project("{2150E333-8FDC-42A3-9474-1A3956D46DE8}") = "src", "src", "{647B7D26-0679-4C9F-8979-2599DB571648}"
EndProject
Project("{2150E333-8FDC-42A3-9474-1A3956D46DE8}") = "Core", "Core", "{F0209937-272A-4CDD-8013-669802EED0E9}"
EndProject
Project("{9A19103F-16F7-4668-BE54-9A1E7A4F7556}") = "YYA.OnionArchitecture.Domain", "src\Core\YYA.OnionArchitecture.Domain\YYA.OnionArchitecture.Domain.csproj", "{9537B462-1D5B-4CAD-8B1E-72794864B12C}"
EndProject
Project("{9A19103F-16F7-4668-BE54-9A1E7A4F7556}") = "YYA.OnionArchitecture.Application", "src\Core\YYA.OnionArchitecture.Application\YYA.OnionArchitecture.Application.csproj", "{279544FD-101E-4324-B253-4A0A67EFFE76}"
EndProject
Project("{2150E333-8FDC-42A3-9474-1A3956D46DE8}") = "Infrastructure", "Infrastructure", "{E0B4B30E-1DF2-46C7-8841-F8ED3D06D1CF}"
EndProject
Project("{9A19103F-16F7-4668-BE54-9A1E7A4F7556}") = "YYA.OnionArchitecture.Persistence", "src\Infrastructure\YYA.OnionArchitecture.Persistence\YYA.OnionArchitecture.Persistence.csproj", "{CFE5A366-6C69-45C9-B84F-485376DF6930}"
EndProject
Project("{2150E333-8FDC-42A3-9474-1A3956D46DE8}") = "WebApi", "WebApi", "{8A5E222E-F041-45A8-A8D0-3DA4D366AA65}"
EndProject
Project("{9A19103F-16F7-4668-BE54-9A1E7A4F7556}") = "YYA.OnionArchitecture.WebApi", "src\WebApi\YYA.OnionArchitecture.WebApi\YYA.OnionArchitecture.WebApi.csproj", "{2CD77DF0-887E-4F6E-B136-9394047DD07A}"
EndProject
Project("{2150E333-8FDC-42A3-9474-1A3956D46DE8}") = "docs", "docs", "{FDE00BDB-FF36-47E4-8537-B6E3FDBA3345}"
	ProjectSection(SolutionItems) = preProject
		docs\onion_arch.png = docs\onion_arch.png
	EndProjectSection
EndProject
Project("{2150E333-8FDC-42A3-9474-1A3956D46DE8}") = "tests", "tests", "{BE35FEFF-50BF-470C-911F-B10E05E2E34C}"
EndProject
Project("{9A19103F-16F7-4668-BE54-9A1E7A4F7556}") = "YYA.OnionArchitecture.Application.Tests", "tests\YYA.OnionArchitecture.Application.Tests\YYA.OnionArchitecture.Application.Tests.csproj", "{87860BA9-76F2-4F11-B054-4C501D03AAC6}"
EndProject
Project("{9A19103F-16F7-4668-BE54-9A1E7A4F7556}") = "YYA.OnionArchitecture.Middleware", "src\Infrastructure\YYA.OnionArchitecture.Middlewares\YYA.OnionArchitecture.Middleware.csproj", "{B88F6887-C070-4752-8556-EE1401E1AEB5}"
EndProject
Project("{9A19103F-16F7-4668-BE54-9A1E7A4F7556}") = "YYA.OnionArchitecture.Middleware.Tests", "tests\YYA.OnionArchitecture.Middleware.Tests\YYA.OnionArchitecture.Middleware.Tests.csproj", "{89625D27-5C0E-4293-B993-FBE2D7E33723}"
EndProject
Global
	GlobalSection(SolutionConfigurationPlatforms) = preSolution
		Debug|Any CPU = Debug|Any CPU
		Release|Any CPU = Release|Any CPU
	EndGlobalSection
	GlobalSection(ProjectConfigurationPlatforms) = postSolution
		{9537B462-1D5B-4CAD-8B1E-72794864B12C}.Debug|Any CPU.ActiveCfg = Debug|Any CPU
		{9537B462-1D5B-4CAD-8B1E-72794864B12C}.Debug|Any CPU.Build.0 = Debug|Any CPU
		{9537B462-1D5B-4CAD-8B1E-72794864B12C}.Release|Any CPU.ActiveCfg = Release|Any CPU
		{9537B462-1D5B-4CAD-8B1E-72794864B12C}.Release|Any CPU.Build.0 = Release|Any CPU
		{279544FD-101E-4324-B253-4A0A67EFFE76}.Debug|Any CPU.ActiveCfg = Debug|Any CPU
		{279544FD-101E-4324-B253-4A0A67EFFE76}.Debug|Any CPU.Build.0 = Debug|Any CPU
		{279544FD-101E-4324-B253-4A0A67EFFE76}.Release|Any CPU.ActiveCfg = Release|Any CPU
		{279544FD-101E-4324-B253-4A0A67EFFE76}.Release|Any CPU.Build.0 = Release|Any CPU
		{CFE5A366-6C69-45C9-B84F-485376DF6930}.Debug|Any CPU.ActiveCfg = Debug|Any CPU
		{CFE5A366-6C69-45C9-B84F-485376DF6930}.Debug|Any CPU.Build.0 = Debug|Any CPU
		{CFE5A366-6C69-45C9-B84F-485376DF6930}.Release|Any CPU.ActiveCfg = Release|Any CPU
		{CFE5A366-6C69-45C9-B84F-485376DF6930}.Release|Any CPU.Build.0 = Release|Any CPU
		{2CD77DF0-887E-4F6E-B136-9394047DD07A}.Debug|Any CPU.ActiveCfg = Debug|Any CPU
		{2CD77DF0-887E-4F6E-B136-9394047DD07A}.Debug|Any CPU.Build.0 = Debug|Any CPU
		{2CD77DF0-887E-4F6E-B136-9394047DD07A}.Release|Any CPU.ActiveCfg = Release|Any CPU
		{2CD77DF0-887E-4F6E-B136-9394047DD07A}.Release|Any CPU.Build.0 = Release|Any CPU
		{87860BA9-76F2-4F11-B054-4C501D03AAC6}.Debug|Any CPU.ActiveCfg = Debug|Any CPU
		{87860BA9-76F2-4F11-B054-4C501D03AAC6}.Debug|Any CPU.Build.0 = Debug|Any CPU
		{87860BA9-76F2-4F11-B054-4C501D03AAC6}.Release|Any CPU.ActiveCfg = Release|Any CPU
		{87860BA9-76F2-4F11-B054-4C501D03AAC6}.Release|Any CPU.Build.0 = Release|Any CPU
		{B88F6887-C070-4752-8556-EE1401E1AEB5}.Debug|Any CPU.ActiveCfg = Debug|Any CPU
		{B88F6887-C070-4752-8556-EE1401E1AEB5}.Debug|Any CPU.Build.0 = Debug|Any CPU
		{B88F6887-C070-4752-8556-EE1401E1AEB5}.Release|Any CPU.ActiveCfg = Release|Any CPU
		{B88F6887-C070-4752-8556-EE1401E1AEB5}.Release|Any CPU.Build.0 = Release|Any CPU
		{89625D27-5C0E-4293-B993-FBE2D7E33723}.Debug|Any CPU.ActiveCfg = Debug|Any CPU
		{89625D27-5C0E-4293-B993-FBE2D7E33723}.Debug|Any CPU.Build.0 = Debug|Any CPU
		{89625D27-5C0E-4293-B993-FBE2D7E33723}.Release|Any CPU.ActiveCfg = Release|Any CPU
		{89625D27-5C0E-4293-B993-FBE2D7E33723}.Release|Any CPU.Build.0 = Release|Any CPU
	EndGlobalSection
	GlobalSection(SolutionProperties) = preSolution
		HideSolutionNode = FALSE
	EndGlobalSection
	GlobalSection(NestedProjects) = preSolution
		{F0209937-272A-4CDD-8013-669802EED0E9} = {647B7D26-0679-4C9F-8979-2599DB571648}
		{9537B462-1D5B-4CAD-8B1E-72794864B12C} = {F0209937-272A-4CDD-8013-669802EED0E9}
		{279544FD-101E-4324-B253-4A0A67EFFE76} = {F0209937-272A-4CDD-8013-669802EED0E9}
		{E0B4B30E-1DF2-46C7-8841-F8ED3D06D1CF} = {647B7D26-0679-4C9F-8979-2599DB571648}
		{CFE5A366-6C69-45C9-B84F-485376DF6930} = {E0B4B30E-1DF2-46C7-8841-F8ED3D06D1CF}
		{8A5E222E-F041-45A8-A8D0-3DA4D366AA65} = {647B7D26-0679-4C9F-8979-2599DB571648}
		{2CD77DF0-887E-4F6E-B136-9394047DD07A} = {8A5E222E-F041-45A8-A8D0-3DA4D366AA65}
		{87860BA9-76F2-4F11-B054-4C501D03AAC6} = {BE35FEFF-50BF-470C-911F-B10E05E2E34C}
		{B88F6887-C070-4752-8556-EE1401E1AEB5} = {E0B4B30E-1DF2-46C7-8841-F8ED3D06D1CF}
		{89625D27-5C0E-4293-B993-FBE2D7E33723} = {BE35FEFF-50BF-470C-911F-B10E05E2E34C}
	EndGlobalSection
	GlobalSection(ExtensibilityGlobals) = postSolution
		SolutionGuid = {8211030C-E7A4-4A1C-9020-09DC0A6907E9}
	EndGlobalSection
EndGlobal
